{
    "_readme": [
        "This file locks the dependencies of your project to a known state",
        "Read more about it at http://getcomposer.org/doc/01-basic-usage.md#composer-lock-the-lock-file"
    ],
    "hash": "8842b1147504ab27a08ae7e5ee6b1041",
    "packages": [
        {
            "name": "0x46616c6b/etherpad-lite-client",
            "version": "dev-master",
            "source": {
                "type": "git",
                "url": "https://github.com/0x46616c6b/etherpad-lite-client.git",
                "reference": "fa2f0fd185097bed6b371c2422c705d6a5d6f258"
            },
            "dist": {
                "type": "zip",
                "url": "https://api.github.com/repos/0x46616c6b/etherpad-lite-client/zipball/fa2f0fd185097bed6b371c2422c705d6a5d6f258",
                "reference": "fa2f0fd185097bed6b371c2422c705d6a5d6f258",
                "shasum": ""
            },
            "require": {
                "guzzle/guzzle": "~3.7",
                "php": ">=5.3.3"
            },
            "require-dev": {
                "phpunit/phpunit": "*@stable"
            },
            "type": "library",
            "autoload": {
                "psr-0": {
                    "EtherpadLite": "src/"
                }
            },
            "notification-url": "https://packagist.org/downloads/",
            "license": [
                "GPL-3.0"
            ],
            "authors": [
                {
                    "name": "Louis Miller",
                    "email": "louis@systemli.org"
                }
            ],
            "description": "PHP Client for Etherpad Lite",
            "time": "2014-03-10 07:38:59"
        },
        {
            "name": "cakephp/debug_kit",
            "version": "2.2.3",
            "source": {
                "type": "git",
                "url": "https://github.com/cakephp/debug_kit.git",
                "reference": "fce9fca6e2e54469c4826d26392322d3f2e3cb9d"
            },
            "dist": {
                "type": "zip",
                "url": "https://api.github.com/repos/cakephp/debug_kit/zipball/fce9fca6e2e54469c4826d26392322d3f2e3cb9d",
                "reference": "fce9fca6e2e54469c4826d26392322d3f2e3cb9d",
                "shasum": ""
            },
            "require": {
                "composer/installers": "*",
                "php": ">=5.3.0"
            },
            "type": "cakephp-plugin",
            "extra": {
                "branch-alias": {
                    "dev-master": "2.2.x-dev"
                },
                "installer-name": "DebugKit"
            },
            "notification-url": "https://packagist.org/downloads/",
            "license": [
                "MIT"
            ],
            "authors": [
                {
                    "name": "Mark Story",
                    "homepage": "http://mark-story.com",
                    "role": "Author"
                },
                {
                    "name": "CakePHP Community",
                    "homepage": "https://github.com/cakephp/debug_kit/graphs/contributors"
                }
            ],
            "description": "CakePHP Debug Kit",
            "homepage": "https://github.com/cakephp/debug_kit",
            "keywords": [
                "cakephp",
                "debug",
                "kit"
            ],
            "time": "2014-02-01 21:15:24"
        },
        {
            "name": "ceeram/CakePdf",
            "version": "1.0.1",
            "source": {
                "type": "git",
                "url": "https://github.com/ceeram/CakePdf.git",
                "reference": "a25c45d6d725825def006d678e34bc91828780ca"
            },
            "dist": {
                "type": "zip",
                "url": "https://api.github.com/repos/ceeram/CakePdf/zipball/a25c45d6d725825def006d678e34bc91828780ca",
                "reference": "a25c45d6d725825def006d678e34bc91828780ca",
                "shasum": ""
            },
            "require": {
                "composer/installers": "*",
                "php": ">=5.3.0"
            },
            "type": "cakephp-plugin",
            "extra": {
                "installer-name": "CakePdf"
            },
            "license": [
                "MIT"
            ],
            "description": "CakePHP plugin for creating and/or rendering Pdf, several Pdf engines supported.",
            "homepage": "http://github.com/ceeram/CakePdf",
            "support": {
                "source": "https://github.com/ceeram/CakePdf/tree/1.0.1",
                "issues": "https://github.com/ceeram/CakePdf/issues"
            },
            "time": "2013-09-05 22:13:06"
        },
        {
            "name": "composer/installers",
            "version": "v1.0.13",
            "source": {
                "type": "git",
                "url": "https://github.com/composer/installers.git",
                "reference": "26d37e307f9aa6e2e81806a6525666f8ab5ba0ff"
            },
            "dist": {
                "type": "zip",
                "url": "https://api.github.com/repos/composer/installers/zipball/26d37e307f9aa6e2e81806a6525666f8ab5ba0ff",
                "reference": "26d37e307f9aa6e2e81806a6525666f8ab5ba0ff",
                "shasum": ""
            },
            "replace": {
                "shama/baton": "*"
            },
            "require-dev": {
                "composer/composer": "1.0.*@dev",
                "phpunit/phpunit": "3.7.*"
            },
            "type": "composer-installer",
            "extra": {
                "class": "Composer\\Installers\\Installer",
                "branch-alias": {
                    "dev-master": "1.0-dev"
                }
            },
            "autoload": {
                "psr-0": {
                    "Composer\\Installers\\": "src/"
                }
            },
            "notification-url": "https://packagist.org/downloads/",
            "license": [
                "MIT"
            ],
            "authors": [
                {
                    "name": "Kyle Robinson Young",
                    "email": "kyle@dontkry.com",
                    "homepage": "https://github.com/shama",
                    "role": "Developer"
                }
            ],
            "description": "A multi-framework Composer library installer",
            "homepage": "http://composer.github.com/installers/",
            "keywords": [
                "Craft",
                "Hurad",
                "MODX Evo",
                "OXID",
                "WolfCMS",
                "agl",
                "annotatecms",
                "cakephp",
                "codeigniter",
                "concrete5",
                "croogo",
                "drupal",
                "elgg",
                "fuelphp",
                "installer",
                "joomla",
                "kohana",
                "laravel",
                "lithium",
                "magento",
                "mako",
                "mediawiki",
                "modulework",
                "phpbb",
                "piwik",
                "ppi",
                "shopware",
                "silverstripe",
                "symfony",
                "typo3",
                "wordpress",
                "zend",
                "zikula"
            ],
            "time": "2014-04-09 16:12:43"
        },
        {
            "name": "facebook/php-sdk",
            "version": "v3.2.3",
            "source": {
                "type": "git",
                "url": "https://github.com/facebook/facebook-php-sdk.git",
                "reference": "6714042fa2f5979d4c64c7d11fb4bcab16bdf6cb"
            },
            "dist": {
                "type": "zip",
                "url": "https://api.github.com/repos/facebook/facebook-php-sdk/zipball/6714042fa2f5979d4c64c7d11fb4bcab16bdf6cb",
                "reference": "6714042fa2f5979d4c64c7d11fb4bcab16bdf6cb",
                "shasum": ""
            },
            "require": {
                "ext-curl": "*",
                "ext-json": "*",
                "php": ">=5.2.0"
            },
            "require-dev": {
                "phpunit/phpunit": "3.7.*"
            },
            "type": "library",
            "autoload": {
                "classmap": [
                    "src"
                ]
            },
            "notification-url": "https://packagist.org/downloads/",
            "license": [
                "Apache2"
            ],
            "authors": [
                {
                    "name": "Facebook",
                    "homepage": "https://github.com/facebook/facebook-php-sdk/contributors"
                }
            ],
            "description": "Facebook PHP SDK",
            "homepage": "https://github.com/facebook/facebook-php-sdk",
            "keywords": [
                "facebook",
                "sdk"
            ],
            "time": "2013-11-19 23:11:14"
        },
        {
            "name": "google/apiclient",
            "version": "1.0.3-beta",
            "source": {
                "type": "git",
                "url": "https://github.com/google/google-api-php-client.git",
                "reference": "2b3b475e3ee52e92fc7b649138ef4f9da3d4f9b9"
            },
            "dist": {
                "type": "zip",
                "url": "https://api.github.com/repos/google/google-api-php-client/zipball/2b3b475e3ee52e92fc7b649138ef4f9da3d4f9b9",
                "reference": "2b3b475e3ee52e92fc7b649138ef4f9da3d4f9b9",
                "shasum": ""
            },
            "require": {
                "php": ">=5.2.1"
            },
            "type": "library",
            "autoload": {
                "classmap": [
                    "src/"
                ]
            },
            "notification-url": "https://packagist.org/downloads/",
            "include-path": [
                "src/"
            ],
            "license": [
                "Apache-2.0"
            ],
            "description": "Client library for Google APIs",
            "homepage": "http://developers.google.com/api-client-library/php",
            "keywords": [
                "google"
            ],
            "time": "2014-01-30 21:36:57"
        },
        {
            "name": "guzzle/guzzle",
            "version": "v3.9.1",
            "source": {
                "type": "git",
                "url": "https://github.com/guzzle/guzzle3.git",
                "reference": "92d9934f2fca1da15178c91239576ae26e505e60"
            },
            "dist": {
                "type": "zip",
                "url": "https://api.github.com/repos/guzzle/guzzle3/zipball/92d9934f2fca1da15178c91239576ae26e505e60",
                "reference": "92d9934f2fca1da15178c91239576ae26e505e60",
                "shasum": ""
            },
            "require": {
                "ext-curl": "*",
                "php": ">=5.3.3",
                "symfony/event-dispatcher": "~2.1"
            },
            "replace": {
                "guzzle/batch": "self.version",
                "guzzle/cache": "self.version",
                "guzzle/common": "self.version",
                "guzzle/http": "self.version",
                "guzzle/inflection": "self.version",
                "guzzle/iterator": "self.version",
                "guzzle/log": "self.version",
                "guzzle/parser": "self.version",
                "guzzle/plugin": "self.version",
                "guzzle/plugin-async": "self.version",
                "guzzle/plugin-backoff": "self.version",
                "guzzle/plugin-cache": "self.version",
                "guzzle/plugin-cookie": "self.version",
                "guzzle/plugin-curlauth": "self.version",
                "guzzle/plugin-error-response": "self.version",
                "guzzle/plugin-history": "self.version",
                "guzzle/plugin-log": "self.version",
                "guzzle/plugin-md5": "self.version",
                "guzzle/plugin-mock": "self.version",
                "guzzle/plugin-oauth": "self.version",
                "guzzle/service": "self.version",
                "guzzle/stream": "self.version"
            },
            "require-dev": {
                "doctrine/cache": "~1.3",
                "monolog/monolog": "~1.0",
                "phpunit/phpunit": "3.7.*",
                "psr/log": "~1.0",
                "symfony/class-loader": "~2.1",
                "zendframework/zend-cache": "2.*,<2.3",
                "zendframework/zend-log": "2.*,<2.3"
            },
            "type": "library",
            "extra": {
                "branch-alias": {
                    "dev-master": "3.8-dev"
                }
            },
            "autoload": {
                "psr-0": {
                    "Guzzle": "src/",
                    "Guzzle\\Tests": "tests/"
                }
            },
            "notification-url": "https://packagist.org/downloads/",
            "license": [
                "MIT"
            ],
            "authors": [
                {
                    "name": "Michael Dowling",
                    "email": "mtdowling@gmail.com",
                    "homepage": "https://github.com/mtdowling"
                },
                {
                    "name": "Guzzle Community",
                    "homepage": "https://github.com/guzzle/guzzle/contributors"
                }
            ],
            "description": "Guzzle is a PHP HTTP client library and framework for building RESTful web service clients",
            "homepage": "http://guzzlephp.org/",
            "keywords": [
                "client",
                "curl",
                "framework",
                "http",
                "http client",
                "rest",
                "web service"
            ],
            "time": "2014-05-07 17:04:22"
        },
        {
            "name": "josegonzalez/cakephp-upload",
            "version": "1.0.0",
            "source": {
                "type": "git",
                "url": "https://github.com/josegonzalez/cakephp-upload.git",
                "reference": "fa5d74beb785aba78f1472c7af40c35dedeb24e9"
            },
            "dist": {
                "type": "zip",
                "url": "https://api.github.com/repos/josegonzalez/cakephp-upload/zipball/fa5d74beb785aba78f1472c7af40c35dedeb24e9",
                "reference": "fa5d74beb785aba78f1472c7af40c35dedeb24e9",
                "shasum": ""
            },
            "require": {
                "composer/installers": "*"
            },
            "type": "cakephp-plugin",
            "extra": {
                "installer-name": "Upload"
            },
            "notification-url": "https://packagist.org/downloads/",
            "license": [
                "MIT"
            ],
            "authors": [
                {
                    "name": "Marc Würth",
                    "email": "ravage@bluewin.ch",
                    "homepage": "https://github.com/ravage84",
                    "role": "Contributor"
                },
                {
                    "name": "Jose Diaz-Gonzalez",
                    "email": "email@josediazgonzalez.com",
                    "homepage": "http://josediazgonzalez.com",
                    "role": "Maintainer"
                },
                {
                    "name": "Joshua Paling",
                    "homepage": "https://github.com/joshuapaling",
                    "role": "Contributor"
                },
                {
                    "name": "sdoney",
                    "homepage": "https://github.com/sdoney",
                    "role": "Contributor"
                },
                {
                    "name": "Giuliano B",
                    "homepage": "https://github.com/giulianob",
                    "role": "Contributor"
                },
                {
                    "name": "Justin Slamka",
                    "homepage": "https://github.com/slamkajs",
                    "role": "Contributor"
                },
                {
                    "name": "Nathan Tyler",
                    "homepage": "https://github.com/tylerdigital",
                    "role": "Contributor"
                },
                {
                    "name": "Mirko Chialastri",
                    "homepage": "https://github.com/hiryu85",
                    "role": "Contributor"
                },
                {
                    "name": "Benjamin Allison",
                    "homepage": "https://github.com/benjaminallison",
                    "role": "Contributor"
                },
                {
                    "name": "Ariel Patschiki",
                    "homepage": "https://github.com/arielpts",
                    "role": "Contributor"
                },
                {
                    "name": "lucfranken",
                    "homepage": "https://github.com/lucfranken",
                    "role": "Contributor"
                },
                {
                    "name": "cpierce",
                    "homepage": "https://github.com/cpierce",
                    "role": "Contributor"
                },
                {
                    "name": "Barry Chapman",
                    "homepage": "https://github.com/barrychapman",
                    "role": "Contributor"
                },
                {
                    "name": "Thomas Edvalson",
                    "homepage": "https://github.com/Cruel",
                    "role": "Contributor"
                },
                {
                    "name": "Alejandro Ibarra",
                    "homepage": "https://github.com/ajibarra",
                    "role": "Contributor"
                },
                {
                    "name": "simkimsia",
                    "homepage": "https://github.com/simkimsia",
                    "role": "Contributor"
                },
                {
                    "name": "Callum Macdonald",
                    "homepage": "https://github.com/chmac",
                    "role": "Contributor"
                },
                {
                    "name": "David Kullmann",
                    "homepage": "https://github.com/dkullmann",
                    "role": "Contributor"
                },
                {
                    "name": "Juan Basso",
                    "homepage": "https://github.com/jrbasso",
                    "role": "Contributor"
                },
                {
                    "name": "Cauan Cabral",
                    "homepage": "https://github.com/CauanCabral",
                    "role": "Contributor"
                },
                {
                    "name": "Bryan Crowe",
                    "homepage": "https://github.com/bcrowe",
                    "role": "Contributor"
                },
                {
                    "name": "Simon Brown",
                    "homepage": "https://github.com/Simes",
                    "role": "Contributor"
                },
                {
                    "name": "wilsolutions",
                    "homepage": "https://github.com/wilsolutions",
                    "role": "Contributor"
                },
                {
                    "name": "Graham Watson",
                    "homepage": "https://github.com/PhantomWatson",
                    "role": "Contributor"
                },
                {
                    "name": "ceallred",
                    "homepage": "https://github.com/ceallred",
                    "role": "Contributor"
                }
            ],
            "description": "CakePHP plugin to handle file uploading sans ridiculous automagic",
            "homepage": "http://github.com/josegonzalez/upload",
            "keywords": [
                "Behavior",
                "cakephp",
                "files",
                "upload"
            ],
            "time": "2013-09-20 09:33:52"
        },
        {
            "name": "markstory/acl_extras",
            "version": "dev-master",
            "source": {
                "type": "git",
                "url": "https://github.com/markstory/acl_extras.git",
                "reference": "f136d970e347c8dda77e2fc278727beafec7aaf9"
            },
            "dist": {
                "type": "zip",
                "url": "https://api.github.com/repos/markstory/acl_extras/zipball/f136d970e347c8dda77e2fc278727beafec7aaf9",
                "reference": "f136d970e347c8dda77e2fc278727beafec7aaf9",
                "shasum": ""
            },
            "require": {
                "composer/installers": "*",
                "php": ">=5.2.17"
            },
            "type": "cakephp-plugin",
            "license": [
                "MIT"
            ],
            "authors": [
                {
                    "name": "Mark Story",
                    "homepage": "http://mark-story.com",
                    "role": "Author"
                }
            ],
            "description": "Additional tools for managing DB ACL in CakePHP applications.",
            "homepage": "https://github.com/markstory/acl_extras",
            "keywords": [
                "acl",
                "cakephp"
            ],
            "support": {
                "issues": "https://github.com/markstory/acl_extras/issues",
                "source": "https://github.com/markstory/acl_extras"
            },
            "time": "2013-10-26 00:34:46"
        },
        {
            "name": "mjohnson/admin",
            "version": "1.3.2",
            "source": {
                "type": "git",
                "url": "https://github.com/milesj/admin.git",
                "reference": "35e4d1313a2f787071b15a411f9ab0ab533d9a73"
            },
            "dist": {
                "type": "zip",
                "url": "https://api.github.com/repos/milesj/admin/zipball/35e4d1313a2f787071b15a411f9ab0ab533d9a73",
                "reference": "35e4d1313a2f787071b15a411f9ab0ab533d9a73",
                "shasum": ""
            },
            "require": {
                "composer/installers": "*",
                "ext-mbstring": "*",
                "mjohnson/utility": "~1.5",
                "php": ">=5.3.0"
            },
            "suggest": {
                "mjohnson/uploader": "~4.3"
            },
            "type": "cakephp-plugin",
            "notification-url": "https://packagist.org/downloads/",
            "license": [
                "MIT"
            ],
            "authors": [
                {
                    "name": "Miles Johnson",
                    "homepage": "http://milesj.me"
                }
            ],
            "description": "A CakePHP admin plugin.",
            "homepage": "http://milesj.me/code/cakephp/admin",
            "keywords": [
                "admin",
                "cakephp",
                "create",
                "crud",
                "delete",
                "plugin",
                "read",
                "update"
            ],
            "time": "2014-02-16 21:42:05"
        },
        {
            "name": "mjohnson/decoda",
            "version": "6.5.1",
            "source": {
                "type": "git",
                "url": "https://github.com/milesj/decoda.git",
                "reference": "84d1c87de8fb9dcf82f8e41da79c8edea934d50e"
            },
            "dist": {
                "type": "zip",
                "url": "https://api.github.com/repos/milesj/decoda/zipball/84d1c87de8fb9dcf82f8e41da79c8edea934d50e",
                "reference": "84d1c87de8fb9dcf82f8e41da79c8edea934d50e",
                "shasum": ""
            },
            "require": {
                "ext-mbstring": "*",
                "php": ">=5.3.0"
            },
            "type": "library",
            "autoload": {
                "psr-0": {
                    "Decoda": "src/"
                }
            },
            "notification-url": "https://packagist.org/downloads/",
            "license": [
                "MIT"
            ],
            "authors": [
                {
                    "name": "Miles Johnson",
                    "homepage": "http://milesj.me"
                }
            ],
            "description": "A lightweight lexical string parser for BBCode styled markup.",
            "homepage": "http://milesj.me/code/php/decoda",
            "keywords": [
                "HOOK",
                "bbcode",
                "decoda",
                "filter",
                "lexer",
                "markup",
                "parser"
            ],
            "time": "2014-04-16 02:53:23"
        },
        {
            "name": "mjohnson/forum",
            "version": "5.0.4",
            "source": {
                "type": "git",
                "url": "https://github.com/milesj/forum.git",
                "reference": "6b2b1cf2e1effa9c5addacf8e925764deeb648bf"
            },
            "dist": {
                "type": "zip",
                "url": "https://api.github.com/repos/milesj/forum/zipball/6b2b1cf2e1effa9c5addacf8e925764deeb648bf",
                "reference": "6b2b1cf2e1effa9c5addacf8e925764deeb648bf",
                "shasum": ""
            },
            "require": {
                "composer/installers": "*",
                "ext-mbstring": "*",
                "mjohnson/admin": "~1.1",
                "mjohnson/decoda": "6.*",
                "mjohnson/utility": "~1.5",
                "php": ">=5.3.0",
                "titon/utility": "*"
            },
            "type": "cakephp-plugin",
            "notification-url": "https://packagist.org/downloads/",
            "license": [
                "MIT"
            ],
            "authors": [
                {
                    "name": "Miles Johnson",
                    "homepage": "http://milesj.me"
                }
            ],
            "description": "A CakePHP forum plugin.",
            "homepage": "http://milesj.me/code/cakephp/forum",
            "keywords": [
                "cakephp",
                "forum",
                "plugin"
            ],
            "time": "2014-04-23 03:32:47"
        },
        {
            "name": "mjohnson/utility",
            "version": "1.6.8",
            "source": {
                "type": "git",
                "url": "https://github.com/milesj/utility.git",
                "reference": "3e97eceb802df26c718e70770ac3d0083ded9a9f"
            },
            "dist": {
                "type": "zip",
                "url": "https://api.github.com/repos/milesj/utility/zipball/3e97eceb802df26c718e70770ac3d0083ded9a9f",
                "reference": "3e97eceb802df26c718e70770ac3d0083ded9a9f",
                "shasum": ""
            },
            "require": {
                "composer/installers": "*",
                "ext-mbstring": "*",
                "php": ">=5.3.0"
            },
            "suggest": {
                "mjohnson/decoda": "Enable Decoda for BBCode parsing in the DecodaHelper",
                "titon/utility": "Enable Titon to parse feeds in FeedSource and process AJAX in the AjaxHandlerComponent"
            },
            "type": "cakephp-plugin",
            "notification-url": "https://packagist.org/downloads/",
            "license": [
                "MIT"
            ],
            "authors": [
                {
                    "name": "Miles Johnson",
                    "homepage": "http://milesj.me"
                }
            ],
            "description": "A collection of CakePHP utility libraries.",
            "homepage": "http://milesj.me/code/cakephp/utility",
            "keywords": [
                "Behavior",
                "Sitemap",
                "aggregator",
                "ajax-handler",
                "auto-login",
                "bbcode",
                "cache-kill",
                "cacheable",
                "cakephp",
                "component",
                "controller",
                "convertable",
                "datasource",
                "decoda",
                "enumerable",
                "feed",
                "filterable",
                "helper",
                "markup",
                "model",
                "open-graph",
                "plugin",
                "shell",
                "sluggable",
                "spam-blocker",
                "utility",
                "validateable"
            ],
            "time": "2014-04-23 03:25:56"
        },
        {
            "name": "paulredmond/chosen-cakephp",
            "version": "2.1.4",
            "source": {
                "type": "git",
                "url": "https://github.com/paulredmond/chosen-cakephp.git",
                "reference": "505b5a7a9d68214c9f77a82d00bde5103c715832"
            },
            "dist": {
                "type": "zip",
                "url": "https://api.github.com/repos/paulredmond/chosen-cakephp/zipball/505b5a7a9d68214c9f77a82d00bde5103c715832",
                "reference": "505b5a7a9d68214c9f77a82d00bde5103c715832",
                "shasum": ""
            },
            "require": {
                "composer/installers": "1.*",
                "php": ">=5.2.6"
            },
            "type": "cakephp-plugin",
            "extra": {
                "installer-name": "Chosen"
            },
            "notification-url": "https://packagist.org/downloads/",
            "license": [
                "MIT"
            ],
            "authors": [
                {
                    "name": "Paul Redmond",
                    "email": "paulrredmond@gmail.com"
                },
                {
                    "name": "Harvest HQ",
                    "homepage": "http://harvesthq.github.com/chosen"
                },
                {
                    "name": "Github Contributors",
                    "homepage": "https://github.com/paulredmond/chosen-cakephp/graphs/contributors"
                }
            ],
            "description": "Chosen CakePHP plugin for CakePHP 2",
            "homepage": "https://github.com/paulredmond/chosen-cakephp",
            "keywords": [
                "cakephp",
                "plugin"
            ],
            "time": "2013-05-11 22:25:45"
        },
        {
            "name": "pear-pear.cakephp.org/CakePHP",
            "version": "2.5.1",
            "dist": {
                "type": "file",
                "url": "http://pear.cakephp.org/get/CakePHP-2.5.1.tgz",
                "reference": null,
                "shasum": null
            },
            "require": {
                "php": ">=5.2.8.0"
            },
            "replace": {
                "pear-cakephp/cakephp": "== 2.5.1.0"
            },
            "type": "pear-library",
            "autoload": {
                "classmap": [
                    ""
                ]
            },
            "include-path": [
                "/"
            ],
            "description": "CakePHP is an application development framework for PHP 5.2+"
        },
        {
            "name": "symfony/event-dispatcher",
            "version": "v2.4.4",
            "target-dir": "Symfony/Component/EventDispatcher",
            "source": {
                "type": "git",
                "url": "https://github.com/symfony/EventDispatcher.git",
                "reference": "e539602e5455aa086c0e81e604745af7789e4d8a"
            },
            "dist": {
                "type": "zip",
                "url": "https://api.github.com/repos/symfony/EventDispatcher/zipball/e539602e5455aa086c0e81e604745af7789e4d8a",
                "reference": "e539602e5455aa086c0e81e604745af7789e4d8a",
                "shasum": ""
            },
            "require": {
                "php": ">=5.3.3"
            },
            "require-dev": {
                "symfony/dependency-injection": "~2.0"
            },
            "suggest": {
                "symfony/dependency-injection": "",
                "symfony/http-kernel": ""
            },
            "type": "library",
            "extra": {
                "branch-alias": {
                    "dev-master": "2.4-dev"
                }
            },
            "autoload": {
                "psr-0": {
                    "Symfony\\Component\\EventDispatcher\\": ""
                }
            },
            "notification-url": "https://packagist.org/downloads/",
            "license": [
                "MIT"
            ],
            "authors": [
                {
                    "name": "Fabien Potencier",
                    "email": "fabien@symfony.com",
                    "homepage": "http://fabien.potencier.org",
                    "role": "Lead Developer"
                },
                {
                    "name": "Symfony Community",
                    "homepage": "http://symfony.com/contributors"
                }
            ],
            "description": "Symfony EventDispatcher Component",
            "homepage": "http://symfony.com",
            "time": "2014-04-16 10:34:31"
        },
        {
            "name": "titon/utility",
            "version": "0.13.2",
            "source": {
                "type": "git",
                "url": "https://github.com/titon/utility.git",
                "reference": "41a0959cdabcedc97b25a51b54f78991b224dbeb"
            },
            "dist": {
                "type": "zip",
                "url": "https://api.github.com/repos/titon/utility/zipball/41a0959cdabcedc97b25a51b54f78991b224dbeb",
                "reference": "41a0959cdabcedc97b25a51b54f78991b224dbeb",
                "shasum": ""
            },
            "require": {
                "ext-mbstring": "*",
                "php": ">=5.3.0"
            },
            "require-dev": {
                "ext-fileinfo": "*",
                "ext-mcrypt": "*",
                "ext-simplexml": "*",
                "titon/test": "dev-master",
                "titon/type": "*"
            },
            "suggest": {
                "ext-fileinfo": "Validate file mime types with the Validate class",
                "ext-mcrypt": "Encrypt and decrypt data with the Crypt class",
                "ext-simplexml": "Convert XML to other file types with the Converter class"
            },
            "type": "library",
            "autoload": {
                "psr-0": {
                    "Titon\\Utility": "src/"
                },
                "files": [
                    "src/bootstrap.php"
                ]
            },
            "notification-url": "https://packagist.org/downloads/",
            "license": [
                "BSD-2"
            ],
            "authors": [
                {
                    "name": "Miles Johnson",
                    "homepage": "http://milesj.me"
                }
            ],
            "description": "The Titon utility package provides convenience classes for basic tasks like validation, formatting, sanitization and more.",
            "homepage": "http://titon.io",
            "keywords": [
                "converter",
                "crypt",
                "format",
                "hash",
                "inflector",
                "number",
                "path",
                "sanitize",
                "string",
                "time",
                "titon",
                "utility",
                "uuid",
                "validate"
            ],
            "time": "2014-05-17 03:57:45"
        }
    ],
    "packages-dev": [

    ],
    "aliases": [

    ],
    "minimum-stability": "stable",
    "stability-flags": {
        "google/apiclient": 10,
        "markstory/acl_extras": 20,
        "0x46616c6b/etherpad-lite-client": 20
    },
    "platform": [

    ],
    "platform-dev": [

    ]
}
